<?xml version="1.0" encoding="UTF-8" standalone="yes" ?>
<CodeBlocks_project_file>
	<FileVersion major="1" minor="6" />
	<Project>
		<Option title="fbdisplay" />
		<Option pch_mode="2" />
		<Option compiler="arm9tdmilinuxgnu_gcc_compiler" />
		<Build>
			<Target title="Release ARM">
				<Option output="fbdisplay" prefix_auto="1" extension_auto="1" />
				<Option working_dir="./bin/Release" />
				<Option object_output="/home/daniel/work/ledfb/fbdisplay/.objs" />
				<Option type="1" />
				<Option compiler="arm9tdmilinuxgnu_gcc_compiler" />
				<Compiler>
					<Add option="-g" />
					<Add directory="../libjpeg-6b" />
				</Compiler>
			</Target>
			<Target title="Release x86">
				<Option output="fbdisplay" prefix_auto="1" extension_auto="1" />
				<Option working_dir="./bin/Release" />
				<Option object_output="./objs" />
				<Option type="1" />
				<Option compiler="gcc" />
				<Compiler>
					<Add option="-w" />
					<Add option="-g" />
					<Add directory="../libjpeg-6b" />
					<Add directory="/usr/include/libxml2/" />
				</Compiler>
				<Linker>
					<Add library="/usr/lib64/libxml2.a" />
				</Linker>
			</Target>
		</Build>
		<Compiler>
			<Add option="-Wall" />
		</Compiler>
		<Linker>
			<Add library="libpng" />
			<Add library="libz" />
		</Linker>
		<Unit filename="bmp.cpp" />
		<Unit filename="bmp.h" />
		<Unit filename="cclockobj.cpp" />
		<Unit filename="cclockobj.h" />
		<Unit filename="cgraphicobj.cpp" />
		<Unit filename="cgraphicobj.h" />
		<Unit filename="cobject.cpp" />
		<Unit filename="cobject.h" />
		<Unit filename="ctextobj.cpp" />
		<Unit filename="ctextobj.h" />
		<Unit filename="font.h" />
		<Unit filename="main.cpp" />
		<Unit filename="png.cpp" />
		<Unit filename="png.h" />
		<Unit filename="startdebug" />
		<Unit filename="xmlparser.cpp" />
		<Unit filename="xmlparser.h" />
		<Extensions>
			<code_completion />
			<debugger>
				<remote_debugging target="Release ARM">
					<options conn_type="0" serial_baud="115200" ip_address="192.168.202.111" ip_port="4711" additional_cmds_before="shell cp ./fbdisplay /mnt/rootfs/bin/&#x0A;shell ./startdebug &amp;&#x0A;shell sleep 2" />
				</remote_debugging>
			</debugger>
		</Extensions>
	</Project>
</CodeBlocks_project_file>
